// !$*UTF8*$!
{
	archiveVersion = 1;
	classes = {
	};
	objectVersion = 56;
	objects = {

/* Begin PBXBuildFile section */
		4F81B88229BA2807008ADD11 /* Profile page 1.swift in Sources */ = {isa = PBXBuildFile; fileRef = 4F81B88129BA2807008ADD11 /* Profile page 1.swift */; };
		4F81B88429BA2832008ADD11 /* Post view.swift in Sources */ = {isa = PBXBuildFile; fileRef = 4F81B88329BA2832008ADD11 /* Post view.swift */; };
		4F81B88629BA2849008ADD11 /* Profile data.swift in Sources */ = {isa = PBXBuildFile; fileRef = 4F81B88529BA2849008ADD11 /* Profile data.swift */; };
		4F81B88829BA28DF008ADD11 /* FeedView.swift in Sources */ = {isa = PBXBuildFile; fileRef = 4F81B88729BA28DF008ADD11 /* FeedView.swift */; };
		4FCF2A5F29B99A0C002D49D9 /* ProfileApp.swift in Sources */ = {isa = PBXBuildFile; fileRef = 4FCF2A5E29B99A0C002D49D9 /* ProfileApp.swift */; };
		4FCF2A6129B99A0C002D49D9 /* ContentView.swift in Sources */ = {isa = PBXBuildFile; fileRef = 4FCF2A6029B99A0C002D49D9 /* ContentView.swift */; };
		4FCF2A6329B99A0E002D49D9 /* Assets.xcassets in Resources */ = {isa = PBXBuildFile; fileRef = 4FCF2A6229B99A0E002D49D9 /* Assets.xcassets */; };
		4FCF2A6629B99A0E002D49D9 /* Preview Assets.xcassets in Resources */ = {isa = PBXBuildFile; fileRef = 4FCF2A6529B99A0E002D49D9 /* Preview Assets.xcassets */; };
		4FCF2A7029B99A0E002D49D9 /* ProfileTests.swift in Sources */ = {isa = PBXBuildFile; fileRef = 4FCF2A6F29B99A0E002D49D9 /* ProfileTests.swift */; };
		4FCF2A7A29B99A0E002D49D9 /* ProfileUITests.swift in Sources */ = {isa = PBXBuildFile; fileRef = 4FCF2A7929B99A0E002D49D9 /* ProfileUITests.swift */; };
		4FCF2A7C29B99A0E002D49D9 /* ProfileUITestsLaunchTests.swift in Sources */ = {isa = PBXBuildFile; fileRef = 4FCF2A7B29B99A0E002D49D9 /* ProfileUITestsLaunchTests.swift */; };
		4FFF7EFB29BA712800FF8D6C /* Picker Selection.swift in Sources */ = {isa = PBXBuildFile; fileRef = 4FFF7EFA29BA712800FF8D6C /* Picker Selection.swift */; };
/* End PBXBuildFile section */

/* Begin PBXContainerItemProxy section */
		4FCF2A6C29B99A0E002D49D9 /* PBXContainerItemProxy */ = {
			isa = PBXContainerItemProxy;
			containerPortal = 4FCF2A5329B99A0C002D49D9 /* Project object */;
			proxyType = 1;
			remoteGlobalIDString = 4FCF2A5A29B99A0C002D49D9;
			remoteInfo = Profile;
		};
		4FCF2A7629B99A0E002D49D9 /* PBXContainerItemProxy */ = {
			isa = PBXContainerItemProxy;
			containerPortal = 4FCF2A5329B99A0C002D49D9 /* Project object */;
			proxyType = 1;
			remoteGlobalIDString = 4FCF2A5A29B99A0C002D49D9;
			remoteInfo = Profile;
		};
/* End PBXContainerItemProxy section */

/* Begin PBXFileReference section */
		4F81B88129BA2807008ADD11 /* Profile page 1.swift */ = {isa = PBXFileReference; lastKnownFileType = sourcecode.swift; path = "Profile page 1.swift"; sourceTree = "<group>"; };
		4F81B88329BA2832008ADD11 /* Post view.swift */ = {isa = PBXFileReference; lastKnownFileType = sourcecode.swift; path = "Post view.swift"; sourceTree = "<group>"; };
		4F81B88529BA2849008ADD11 /* Profile data.swift */ = {isa = PBXFileReference; lastKnownFileType = sourcecode.swift; path = "Profile data.swift"; sourceTree = "<group>"; };
		4F81B88729BA28DF008ADD11 /* FeedView.swift */ = {isa = PBXFileReference; lastKnownFileType = sourcecode.swift; path = FeedView.swift; sourceTree = "<group>"; };
		4FCF2A5B29B99A0C002D49D9 /* Profile.app */ = {isa = PBXFileReference; explicitFileType = wrapper.application; includeInIndex = 0; path = Profile.app; sourceTree = BUILT_PRODUCTS_DIR; };
		4FCF2A5E29B99A0C002D49D9 /* ProfileApp.swift */ = {isa = PBXFileReference; lastKnownFileType = sourcecode.swift; path = ProfileApp.swift; sourceTree = "<group>"; };
		4FCF2A6029B99A0C002D49D9 /* ContentView.swift */ = {isa = PBXFileReference; lastKnownFileType = sourcecode.swift; path = ContentView.swift; sourceTree = "<group>"; };
		4FCF2A6229B99A0E002D49D9 /* Assets.xcassets */ = {isa = PBXFileReference; lastKnownFileType = folder.assetcatalog; path = Assets.xcassets; sourceTree = "<group>"; };
		4FCF2A6529B99A0E002D49D9 /* Preview Assets.xcassets */ = {isa = PBXFileReference; lastKnownFileType = folder.assetcatalog; path = "Preview Assets.xcassets"; sourceTree = "<group>"; };
		4FCF2A6B29B99A0E002D49D9 /* ProfileTests.xctest */ = {isa = PBXFileReference; explicitFileType = wrapper.cfbundle; includeInIndex = 0; path = ProfileTests.xctest; sourceTree = BUILT_PRODUCTS_DIR; };
		4FCF2A6F29B99A0E002D49D9 /* ProfileTests.swift */ = {isa = PBXFileReference; lastKnownFileType = sourcecode.swift; path = ProfileTests.swift; sourceTree = "<group>"; };
		4FCF2A7529B99A0E002D49D9 /* ProfileUITests.xctest */ = {isa = PBXFileReference; explicitFileType = wrapper.cfbundle; includeInIndex = 0; path = ProfileUITests.xctest; sourceTree = BUILT_PRODUCTS_DIR; };
		4FCF2A7929B99A0E002D49D9 /* ProfileUITests.swift */ = {isa = PBXFileReference; lastKnownFileType = sourcecode.swift; path = ProfileUITests.swift; sourceTree = "<group>"; };
		4FCF2A7B29B99A0E002D49D9 /* ProfileUITestsLaunchTests.swift */ = {isa = PBXFileReference; lastKnownFileType = sourcecode.swift; path = ProfileUITestsLaunchTests.swift; sourceTree = "<group>"; };
		4FFF7EFA29BA712800FF8D6C /* Picker Selection.swift */ = {isa = PBXFileReference; lastKnownFileType = sourcecode.swift; path = "Picker Selection.swift"; sourceTree = "<group>"; };
/* End PBXFileReference section */

/* Begin PBXFrameworksBuildPhase section */
		4FCF2A5829B99A0C002D49D9 /* Frameworks */ = {
			isa = PBXFrameworksBuildPhase;
			buildActionMask = 2147483647;
			files = (
			);
			runOnlyForDeploymentPostprocessing = 0;
		};
		4FCF2A6829B99A0E002D49D9 /* Frameworks */ = {
			isa = PBXFrameworksBuildPhase;
			buildActionMask = 2147483647;
			files = (
			);
			runOnlyForDeploymentPostprocessing = 0;
		};
		4FCF2A7229B99A0E002D49D9 /* Frameworks */ = {
			isa = PBXFrameworksBuildPhase;
			buildActionMask = 2147483647;
			files = (
			);
			runOnlyForDeploymentPostprocessing = 0;
		};
/* End PBXFrameworksBuildPhase section */

/* Begin PBXGroup section */
		4FCF2A5229B99A0C002D49D9 = {
			isa = PBXGroup;
			children = (
				4FCF2A5D29B99A0C002D49D9 /* Profile */,
				4FCF2A6E29B99A0E002D49D9 /* ProfileTests */,
				4FCF2A7829B99A0E002D49D9 /* ProfileUITests */,
				4FCF2A5C29B99A0C002D49D9 /* Products */,
			);
			sourceTree = "<group>";
		};
		4FCF2A5C29B99A0C002D49D9 /* Products */ = {
			isa = PBXGroup;
			children = (
				4FCF2A5B29B99A0C002D49D9 /* Profile.app */,
				4FCF2A6B29B99A0E002D49D9 /* ProfileTests.xctest */,
				4FCF2A7529B99A0E002D49D9 /* ProfileUITests.xctest */,
			);
			name = Products;
			sourceTree = "<group>";
		};
		4FCF2A5D29B99A0C002D49D9 /* Profile */ = {
			isa = PBXGroup;
			children = (
				4FCF2A5E29B99A0C002D49D9 /* ProfileApp.swift */,
				4FCF2A6029B99A0C002D49D9 /* ContentView.swift */,
				4F81B88129BA2807008ADD11 /* Profile page 1.swift */,
				4F81B88529BA2849008ADD11 /* Profile data.swift */,
				4F81B88729BA28DF008ADD11 /* FeedView.swift */,
				4F81B88329BA2832008ADD11 /* Post view.swift */,
				4FFF7EFA29BA712800FF8D6C /* Picker Selection.swift */,
				4FCF2A6229B99A0E002D49D9 /* Assets.xcassets */,
				4FCF2A6429B99A0E002D49D9 /* Preview Content */,
			);
			path = Profile;
			sourceTree = "<group>";
		};
		4FCF2A6429B99A0E002D49D9 /* Preview Content */ = {
			isa = PBXGroup;
			children = (
				4FCF2A6529B99A0E002D49D9 /* Preview Assets.xcassets */,
			);
			path = "Preview Content";
			sourceTree = "<group>";
		};
		4FCF2A6E29B99A0E002D49D9 /* ProfileTests */ = {
			isa = PBXGroup;
			children = (
				4FCF2A6F29B99A0E002D49D9 /* ProfileTests.swift */,
			);
			path = ProfileTests;
			sourceTree = "<group>";
		};
		4FCF2A7829B99A0E002D49D9 /* ProfileUITests */ = {
			isa = PBXGroup;
			children = (
				4FCF2A7929B99A0E002D49D9 /* ProfileUITests.swift */,
				4FCF2A7B29B99A0E002D49D9 /* ProfileUITestsLaunchTests.swift */,
			);
			path = ProfileUITests;
			sourceTree = "<group>";
		};
/* End PBXGroup section */

/* Begin PBXNativeTarget section */
		4FCF2A5A29B99A0C002D49D9 /* Profile */ = {
			isa = PBXNativeTarget;
			buildConfigurationList = 4FCF2A7F29B99A0E002D49D9 /* Build configuration list for PBXNativeTarget "Profile" */;
			buildPhases = (
				4FCF2A5729B99A0C002D49D9 /* Sources */,
				4FCF2A5829B99A0C002D49D9 /* Frameworks */,
				4FCF2A5929B99A0C002D49D9 /* Resources */,
			);
			buildRules = (
			);
			dependencies = (
			);
			name = Profile;
			productName = Profile;
			productReference = 4FCF2A5B29B99A0C002D49D9 /* Profile.app */;
			productType = "com.apple.product-type.application";
		};
		4FCF2A6A29B99A0E002D49D9 /* ProfileTests */ = {
			isa = PBXNativeTarget;
			buildConfigurationList = 4FCF2A8229B99A0E002D49D9 /* Build configuration list for PBXNativeTarget "ProfileTests" */;
			buildPhases = (
				4FCF2A6729B99A0E002D49D9 /* Sources */,
				4FCF2A6829B99A0E002D49D9 /* Frameworks */,
				4FCF2A6929B99A0E002D49D9 /* Resources */,
			);
			buildRules = (
			);
			dependencies = (
				4FCF2A6D29B99A0E002D49D9 /* PBXTargetDependency */,
			);
			name = ProfileTests;
			productName = ProfileTests;
			productReference = 4FCF2A6B29B99A0E002D49D9 /* ProfileTests.xctest */;
			productType = "com.apple.product-type.bundle.unit-test";
		};
		4FCF2A7429B99A0E002D49D9 /* ProfileUITests */ = {
			isa = PBXNativeTarget;
			buildConfigurationList = 4FCF2A8529B99A0E002D49D9 /* Build configuration list for PBXNativeTarget "ProfileUITests" */;
			buildPhases = (
				4FCF2A7129B99A0E002D49D9 /* Sources */,
				4FCF2A7229B99A0E002D49D9 /* Frameworks */,
				4FCF2A7329B99A0E002D49D9 /* Resources */,
			);
			buildRules = (
			);
			dependencies = (
				4FCF2A7729B99A0E002D49D9 /* PBXTargetDependency */,
			);
			name = ProfileUITests;
			productName = ProfileUITests;
			productReference = 4FCF2A7529B99A0E002D49D9 /* ProfileUITests.xctest */;
			productType = "com.apple.product-type.bundle.ui-testing";
		};
/* End PBXNativeTarget section */

/* Begin PBXProject section */
		4FCF2A5329B99A0C002D49D9 /* Project object */ = {
			isa = PBXProject;
			attributes = {
				BuildIndependentTargetsInParallel = 1;
				LastSwiftUpdateCheck = 1420;
				LastUpgradeCheck = 1420;
				TargetAttributes = {
					4FCF2A5A29B99A0C002D49D9 = {
						CreatedOnToolsVersion = 14.2;
					};
					4FCF2A6A29B99A0E002D49D9 = {
						CreatedOnToolsVersion = 14.2;
						TestTargetID = 4FCF2A5A29B99A0C002D49D9;
					};
					4FCF2A7429B99A0E002D49D9 = {
						CreatedOnToolsVersion = 14.2;
						TestTargetID = 4FCF2A5A29B99A0C002D49D9;
					};
				};
			};
			buildConfigurationList = 4FCF2A5629B99A0C002D49D9 /* Build configuration list for PBXProject "Profile" */;
			compatibilityVersion = "Xcode 14.0";
			developmentRegion = en;
			hasScannedForEncodings = 0;
			knownRegions = (
				en,
				Base,
			);
			mainGroup = 4FCF2A5229B99A0C002D49D9;
			productRefGroup = 4FCF2A5C29B99A0C002D49D9 /* Products */;
			projectDirPath = "";
			projectRoot = "";
			targets = (
				4FCF2A5A29B99A0C002D49D9 /* Profile */,
				4FCF2A6A29B99A0E002D49D9 /* ProfileTests */,
				4FCF2A7429B99A0E002D49D9 /* ProfileUITests */,
			);
		};
/* End PBXProject section */

/* Begin PBXResourcesBuildPhase section */
		4FCF2A5929B99A0C002D49D9 /* Resources */ = {
			isa = PBXResourcesBuildPhase;
			buildActionMask = 2147483647;
			files = (
				4FCF2A6629B99A0E002D49D9 /* Preview Assets.xcassets in Resources */,
				4FCF2A6329B99A0E002D49D9 /* Assets.xcassets in Resources */,
			);
			runOnlyForDeploymentPostprocessing = 0;
		};
		4FCF2A6929B99A0E002D49D9 /* Resources */ = {
			isa = PBXResourcesBuildPhase;
			buildActionMask = 2147483647;
			files = (
			);
			runOnlyForDeploymentPostprocessing = 0;
		};
		4FCF2A7329B99A0E002D49D9 /* Resources */ = {
			isa = PBXResourcesBuildPhase;
			buildActionMask = 2147483647;
			files = (
			);
			runOnlyForDeploymentPostprocessing = 0;
		};
/* End PBXResourcesBuildPhase section */

/* Begin PBXSourcesBuildPhase section */
		4FCF2A5729B99A0C002D49D9 /* Sources */ = {
			isa = PBXSourcesBuildPhase;
			buildActionMask = 2147483647;
			files = (
				4F81B88229BA2807008ADD11 /* Profile page 1.swift in Sources */,
				4F81B88629BA2849008ADD11 /* Profile data.swift in Sources */,
				4FCF2A6129B99A0C002D49D9 /* ContentView.swift in Sources */,
				4FCF2A5F29B99A0C002D49D9 /* ProfileApp.swift in Sources */,
				4F81B88829BA28DF008ADD11 /* FeedView.swift in Sources */,
				4F81B88429BA2832008ADD11 /* Post view.swift in Sources */,
				4FFF7EFB29BA712800FF8D6C /* Picker Selection.swift in Sources */,
			);
			runOnlyForDeploymentPostprocessing = 0;
		};
		4FCF2A6729B99A0E002D49D9 /* Sources */ = {
			isa = PBXSourcesBuildPhase;
			buildActionMask = 2147483647;
			files = (
				4FCF2A7029B99A0E002D49D9 /* ProfileTests.swift in Sources */,
			);
			runOnlyForDeploymentPostprocessing = 0;
		};
		4FCF2A7129B99A0E002D49D9 /* Sources */ = {
			isa = PBXSourcesBuildPhase;
			buildActionMask = 2147483647;
			files = (
				4FCF2A7C29B99A0E002D49D9 /* ProfileUITestsLaunchTests.swift in Sources */,
				4FCF2A7A29B99A0E002D49D9 /* ProfileUITests.swift in Sources */,
			);
			runOnlyForDeploymentPostprocessing = 0;
		};
/* End PBXSourcesBuildPhase section */

/* Begin PBXTargetDependency section */
		4FCF2A6D29B99A0E002D49D9 /* PBXTargetDependency */ = {
			isa = PBXTargetDependency;
			target = 4FCF2A5A29B99A0C002D49D9 /* Profile */;
			targetProxy = 4FCF2A6C29B99A0E002D49D9 /* PBXContainerItemProxy */;
		};
		4FCF2A7729B99A0E002D49D9 /* PBXTargetDependency */ = {
			isa = PBXTargetDependency;
			target = 4FCF2A5A29B99A0C002D49D9 /* Profile */;
			targetProxy = 4FCF2A7629B99A0E002D49D9 /* PBXContainerItemProxy */;
		};
/* End PBXTargetDependency section */

/* Begin XCBuildConfiguration section */
		4FCF2A7D29B99A0E002D49D9 /* Debug */ = {
			isa = XCBuildConfiguration;
			buildSettings = {
				ALWAYS_SEARCH_USER_PATHS = NO;
				CLANG_ANALYZER_NONNULL = YES;
				CLANG_ANALYZER_NUMBER_OBJECT_CONVERSION = YES_AGGRESSIVE;
				CLANG_CXX_LANGUAGE_STANDARD = "gnu++20";
				CLANG_ENABLE_MODULES = YES;
				CLANG_ENABLE_OBJC_ARC = YES;
				CLANG_ENABLE_OBJC_WEAK = YES;
				CLANG_WARN_BLOCK_CAPTURE_AUTORELEASING = YES;
				CLANG_WARN_BOOL_CONVERSION = YES;
				CLANG_WARN_COMMA = YES;
				CLANG_WARN_CONSTANT_CONVERSION = YES;
				CLANG_WARN_DEPRECATED_OBJC_IMPLEMENTATIONS = YES;
				CLANG_WARN_DIRECT_OBJC_ISA_USAGE = YES_ERROR;
				CLANG_WARN_DOCUMENTATION_COMMENTS = YES;
				CLANG_WARN_EMPTY_BODY = YES;
				CLANG_WARN_ENUM_CONVERSION = YES;
				CLANG_WARN_INFINITE_RECURSION = YES;
				CLANG_WARN_INT_CONVERSION = YES;
				CLANG_WARN_NON_LITERAL_NULL_CONVERSION = YES;
				CLANG_WARN_OBJC_IMPLICIT_RETAIN_SELF = YES;
				CLANG_WARN_OBJC_LITERAL_CONVERSION = YES;
				CLANG_WARN_OBJC_ROOT_CLASS = YES_ERROR;
				CLANG_WARN_QUOTED_INCLUDE_IN_FRAMEWORK_HEADER = YES;
				CLANG_WARN_RANGE_LOOP_ANALYSIS = YES;
				CLANG_WARN_STRICT_PROTOTYPES = YES;
				CLANG_WARN_SUSPICIOUS_MOVE = YES;
				CLANG_WARN_UNGUARDED_AVAILABILITY = YES_AGGRESSIVE;
				CLANG_WARN_UNREACHABLE_CODE = YES;
				CLANG_WARN__DUPLICATE_METHOD_MATCH = YES;
				COPY_PHASE_STRIP = NO;
				DEBUG_INFORMATION_FORMAT = dwarf;
				ENABLE_STRICT_OBJC_MSGSEND = YES;
				ENABLE_TESTABILITY = YES;
				GCC_C_LANGUAGE_STANDARD = gnu11;
				GCC_DYNAMIC_NO_PIC = NO;
				GCC_NO_COMMON_BLOCKS = YES;
				GCC_OPTIMIZATION_LEVEL = 0;
				GCC_PREPROCESSOR_DEFINITIONS = (
					"DEBUG=1",
					"$(inherited)",
				);
				GCC_WARN_64_TO_32_BIT_CONVERSION = YES;
				GCC_WARN_ABOUT_RETURN_TYPE = YES_ERROR;
				GCC_WARN_UNDECLARED_SELECTOR = YES;
				GCC_WARN_UNINITIALIZED_AUTOS = YES_AGGRESSIVE;
				GCC_WARN_UNUSED_FUNCTION = YES;
				GCC_WARN_UNUSED_VARIABLE = YES;
				IPHONEOS_DEPLOYMENT_TARGET = 16.2;
				MTL_ENABLE_DEBUG_INFO = INCLUDE_SOURCE;
				MTL_FAST_MATH = YES;
				ONLY_ACTIVE_ARCH = YES;
				SDKROOT = iphoneos;
				SWIFT_ACTIVE_COMPILATION_CONDITIONS = DEBUG;
				SWIFT_OPTIMIZATION_LEVEL = "-Onone";
			};
			name = Debug;
		};
		4FCF2A7E29B99A0E002D49D9 /* Release */ = {
			isa = XCBuildConfiguration;
			buildSettings = {
				ALWAYS_SEARCH_USER_PATHS = NO;
				CLANG_ANALYZER_NONNULL = YES;
				CLANG_ANALYZER_NUMBER_OBJECT_CONVERSION = YES_AGGRESSIVE;
				CLANG_CXX_LANGUAGE_STANDARD = "gnu++20";
				CLANG_ENABLE_MODULES = YES;
				CLANG_ENABLE_OBJC_ARC = YES;
				CLANG_ENABLE_OBJC_WEAK = YES;
				CLANG_WARN_BLOCK_CAPTURE_AUTORELEASING = YES;
				CLANG_WARN_BOOL_CONVERSION = YES;
				CLANG_WARN_COMMA = YES;
				CLANG_WARN_CONSTANT_CONVERSION = YES;
				CLANG_WARN_DEPRECATED_OBJC_IMPLEMENTATIONS = YES;
				CLANG_WARN_DIRECT_OBJC_ISA_USAGE = YES_ERROR;
				CLANG_WARN_DOCUMENTATION_COMMENTS = YES;
				CLANG_WARN_EMPTY_BODY = YES;
				CLANG_WARN_ENUM_CONVERSION = YES;
				CLANG_WARN_INFINITE_RECURSION = YES;
				CLANG_WARN_INT_CONVERSION = YES;
				CLANG_WARN_NON_LITERAL_NULL_CONVERSION = YES;
				CLANG_WARN_OBJC_IMPLICIT_RETAIN_SELF = YES;
				CLANG_WARN_OBJC_LITERAL_CONVERSION = YES;
				CLANG_WARN_OBJC_ROOT_CLASS = YES_ERROR;
				CLANG_WARN_QUOTED_INCLUDE_IN_FRAMEWORK_HEADER = YES;
				CLANG_WARN_RANGE_LOOP_ANALYSIS = YES;
				CLANG_WARN_STRICT_PROTOTYPES = YES;
				CLANG_WARN_SUSPICIOUS_MOVE = YES;
				CLANG_WARN_UNGUARDED_AVAILABILITY = YES_AGGRESSIVE;
				CLANG_WARN_UNREACHABLE_CODE = YES;
				CLANG_WARN__DUPLICATE_METHOD_MATCH = YES;
				COPY_PHASE_STRIP = NO;
				DEBUG_INFORMATION_FORMAT = "dwarf-with-dsym";
				ENABLE_NS_ASSERTIONS = NO;
				ENABLE_STRICT_OBJC_MSGSEND = YES;
				GCC_C_LANGUAGE_STANDARD = gnu11;
				GCC_NO_COMMON_BLOCKS = YES;
				GCC_WARN_64_TO_32_BIT_CONVERSION = YES;
				GCC_WARN_ABOUT_RETURN_TYPE = YES_ERROR;
				GCC_WARN_UNDECLARED_SELECTOR = YES;
				GCC_WARN_UNINITIALIZED_AUTOS = YES_AGGRESSIVE;
				GCC_WARN_UNUSED_FUNCTION = YES;
				GCC_WARN_UNUSED_VARIABLE = YES;
				IPHONEOS_DEPLOYMENT_TARGET = 16.2;
				MTL_ENABLE_DEBUG_INFO = NO;
				MTL_FAST_MATH = YES;
				SDKROOT = iphoneos;
				SWIFT_COMPILATION_MODE = wholemodule;
				SWIFT_OPTIMIZATION_LEVEL = "-O";
				VALIDATE_PRODUCT = YES;
			};
			name = Release;
		};
		4FCF2A8029B99A0E002D49D9 /* Debug */ = {
			isa = XCBuildConfiguration;
			buildSettings = {
				ASSETCATALOG_COMPILER_APPICON_NAME = AppIcon;
				ASSETCATALOG_COMPILER_GLOBAL_ACCENT_COLOR_NAME = AccentColor;
				CODE_SIGN_STYLE = Automatic;
				CURRENT_PROJECT_VERSION = 1;
				DEVELOPMENT_ASSET_PATHS = "\"Profile/Preview Content\"";
				ENABLE_PREVIEWS = YES;
				GENERATE_INFOPLIST_FILE = YES;
				INFOPLIST_KEY_UIApplicationSceneManifest_Generation = YES;
				INFOPLIST_KEY_UIApplicationSupportsIndirectInputEvents = YES;
				INFOPLIST_KEY_UILaunchScreen_Generation = YES;
				INFOPLIST_KEY_UISupportedInterfaceOrientations_iPad = "UIInterfaceOrientationPortrait UIInterfaceOrientationPortraitUpsideDown UIInterfaceOrientationLandscapeLeft UIInterfaceOrientationLandscapeRight";
				INFOPLIST_KEY_UISupportedInterfaceOrientations_iPhone = "UIInterfaceOrientationPortrait UIInterfaceOrientationLandscapeLeft UIInterfaceOrientationLandscapeRight";
				LD_RUNPATH_SEARCH_PATHS = (
					"$(inherited)",
					"@executable_path/Frameworks",
				);
				MARKETING_VERSION = 1.0;
				PRODUCT_BUNDLE_IDENTIFIER = Random.Profile;
				PRODUCT_NAME = "$(TARGET_NAME)";
				SWIFT_EMIT_LOC_STRINGS = YES;
				SWIFT_VERSION = 5.0;
				TARGETED_DEVICE_FAMILY = "1,2";
			};
			name = Debug;
		};
		4FCF2A8129B99A0E002D49D9 /* Release */ = {
			isa = XCBuildConfiguration;
			buildSettings = {
				ASSETCATALOG_COMPILER_APPICON_NAME = AppIcon;
				ASSETCATALOG_COMPILER_GLOBAL_ACCENT_COLOR_NAME = AccentColor;
				CODE_SIGN_STYLE = Automatic;
				CURRENT_PROJECT_VERSION = 1;
				DEVELOPMENT_ASSET_PATHS = "\"Profile/Preview Content\"";
				ENABLE_PREVIEWS = YES;
				GENERATE_INFOPLIST_FILE = YES;
				INFOPLIST_KEY_UIApplicationSceneManifest_Generation = YES;
				INFOPLIST_KEY_UIApplicationSupportsIndirectInputEvents = YES;
				INFOPLIST_KEY_UILaunchScreen_Generation = YES;
				INFOPLIST_KEY_UISupportedInterfaceOrientations_iPad = "UIInterfaceOrientationPortrait UIInterfaceOrientationPortraitUpsideDown UIInterfaceOrientationLandscapeLeft UIInterfaceOrientationLandscapeRight";
				INFOPLIST_KEY_UISupportedInterfaceOrientations_iPhone = "UIInterfaceOrientationPortrait UIInterfaceOrientationLandscapeLeft UIInterfaceOrientationLandscapeRight";
				LD_RUNPATH_SEARCH_PATHS = (
					"$(inherited)",
					"@executable_path/Frameworks",
				);
				MARKETING_VERSION = 1.0;
				PRODUCT_BUNDLE_IDENTIFIER = Random.Profile;
				PRODUCT_NAME = "$(TARGET_NAME)";
				SWIFT_EMIT_LOC_STRINGS = YES;
				SWIFT_VERSION = 5.0;
				TARGETED_DEVICE_FAMILY = "1,2";
			};
			name = Release;
		};
		4FCF2A8329B99A0E002D49D9 /* Debug */ = {
			isa = XCBuildConfiguration;
			buildSettings = {
				ALWAYS_EMBED_SWIFT_STANDARD_LIBRARIES = YES;
				BUNDLE_LOADER = "$(TEST_HOST)";
				CODE_SIGN_STYLE = Automatic;
				CURRENT_PROJECT_VERSION = 1;
				GENERATE_INFOPLIST_FILE = YES;
				IPHONEOS_DEPLOYMENT_TARGET = 16.2;
				MARKETING_VERSION = 1.0;
				PRODUCT_BUNDLE_IDENTIFIER = Random.ProfileTests;
				PRODUCT_NAME = "$(TARGET_NAME)";
				SWIFT_EMIT_LOC_STRINGS = NO;
				SWIFT_VERSION = 5.0;
				TARGETED_DEVICE_FAMILY = "1,2";
				TEST_HOST = "$(BUILT_PRODUCTS_DIR)/Profile.app/$(BUNDLE_EXECUTABLE_FOLDER_PATH)/Profile";
			};
			name = Debug;
		};
		4FCF2A8429B99A0E002D49D9 /* Release */ = {
			isa = XCBuildConfiguration;
			buildSettings = {
				ALWAYS_EMBED_SWIFT_STANDARD_LIBRARIES = YES;
				BUNDLE_LOADER = "$(TEST_HOST)";
				CODE_SIGN_STYLE = Automatic;
				CURRENT_PROJECT_VERSION = 1;
				GENERATE_INFOPLIST_FILE = YES;
				IPHONEOS_DEPLOYMENT_TARGET = 16.2;
				MARKETING_VERSION = 1.0;
				PRODUCT_BUNDLE_IDENTIFIER = Random.ProfileTests;
				PRODUCT_NAME = "$(TARGET_NAME)";
				SWIFT_EMIT_LOC_STRINGS = NO;
				SWIFT_VERSION = 5.0;
				TARGETED_DEVICE_FAMILY = "1,2";
				TEST_HOST = "$(BUILT_PRODUCTS_DIR)/Profile.app/$(BUNDLE_EXECUTABLE_FOLDER_PATH)/Profile";
			};
			name = Release;
		};
		4FCF2A8629B99A0E002D49D9 /* Debug */ = {
			isa = XCBuildConfiguration;
			buildSettings = {
				ALWAYS_EMBED_SWIFT_STANDARD_LIBRARIES = YES;
				CODE_SIGN_STYLE = Automatic;
				CURRENT_PROJECT_VERSION = 1;
				GENERATE_INFOPLIST_FILE = YES;
				MARKETING_VERSION = 1.0;
				PRODUCT_BUNDLE_IDENTIFIER = Random.ProfileUITests;
				PRODUCT_NAME = "$(TARGET_NAME)";
				SWIFT_EMIT_LOC_STRINGS = NO;
				SWIFT_VERSION = 5.0;
				TARGETED_DEVICE_FAMILY = "1,2";
				TEST_TARGET_NAME = Profile;
			};
			name = Debug;
		};
		4FCF2A8729B99A0E002D49D9 /* Release */ = {
			isa = XCBuildConfiguration;
			buildSettings = {
				ALWAYS_EMBED_SWIFT_STANDARD_LIBRARIES = YES;
				CODE_SIGN_STYLE = Automatic;
				CURRENT_PROJECT_VERSION = 1;
				GENERATE_INFOPLIST_FILE = YES;
				MARKETING_VERSION = 1.0;
				PRODUCT_BUNDLE_IDENTIFIER = Random.ProfileUITests;
				PRODUCT_NAME = "$(TARGET_NAME)";
				SWIFT_EMIT_LOC_STRINGS = NO;
				SWIFT_VERSION = 5.0;
				TARGETED_DEVICE_FAMILY = "1,2";
				TEST_TARGET_NAME = Profile;
			};
			name = Release;
		};
/* End XCBuildConfiguration section */

/* Begin XCConfigurationList section */
		4FCF2A5629B99A0C002D49D9 /* Build configuration list for PBXProject "Profile" */ = {
			isa = XCConfigurationList;
			buildConfigurations = (
				4FCF2A7D29B99A0E002D49D9 /* Debug */,
				4FCF2A7E29B99A0E002D49D9 /* Release */,
			);
			defaultConfigurationIsVisible = 0;
			defaultConfigurationName = Release;
		};
		4FCF2A7F29B99A0E002D49D9 /* Build configuration list for PBXNativeTarget "Profile" */ = {
			isa = XCConfigurationList;
			buildConfigurations = (
				4FCF2A8029B99A0E002D49D9 /* Debug */,
				4FCF2A8129B99A0E002D49D9 /* Release */,
			);
			defaultConfigurationIsVisible = 0;
			defaultConfigurationName = Release;
		};
		4FCF2A8229B99A0E002D49D9 /* Build configuration list for PBXNativeTarget "ProfileTests" */ = {
			isa = XCConfigurationList;
			buildConfigurations = (
				4FCF2A8329B99A0E002D49D9 /* Debug */,
				4FCF2A8429B99A0E002D49D9 /* Release */,
			);
			defaultConfigurationIsVisible = 0;
			defaultConfigurationName = Release;
		};
		4FCF2A8529B99A0E002D49D9 /* Build configuration list for PBXNativeTarget "ProfileUITests" */ = {
			isa = XCConfigurationList;
			buildConfigurations = (
				4FCF2A8629B99A0E002D49D9 /* Debug */,
				4FCF2A8729B99A0E002D49D9 /* Release */,
			);
			defaultConfigurationIsVisible = 0;
			defaultConfigurationName = Release;
		};
/* End XCConfigurationList section */
	};
	rootObject = 4FCF2A5329B99A0C002D49D9 /* Project object */;
}
